
Microsoft Visual Studio Solution File, Format Version 12.00
# Visual Studio Version 17
VisualStudioVersion = 17.9.34728.123
MinimumVisualStudioVersion = 10.0.40219.1
Project("{FAE04EC0-301F-11D3-BF4B-00C04F79EFBC}") = "OfficeSuppliesManagement", "OfficeSuppliesManagement\OfficeSuppliesManagement.csproj", "{2377E9AB-5632-429B-9E0D-950CF1B686BD}"
EndProject
Global
	GlobalSection(SolutionConfigurationPlatforms) = preSolution
		Debug|Any CPU = Debug|Any CPU
		Release|Any CPU = Release|Any CPU
	EndGlobalSection
	GlobalSection(ProjectConfigurationPlatforms) = postSolution
		{2377E9AB-5632-429B-9E0D-950CF1B686BD}.Debug|Any CPU.ActiveCfg = Debug|Any CPU
		{2377E9AB-5632-429B-9E0D-950CF1B686BD}.Debug|Any CPU.Build.0 = Debug|Any CPU
		{2377E9AB-5632-429B-9E0D-950CF1B686BD}.Release|Any CPU.ActiveCfg = Release|Any CPU
		{2377E9AB-5632-429B-9E0D-950CF1B686BD}.Release|Any CPU.Build.0 = Release|Any CPU
	EndGlobalSection
	GlobalSection(SolutionProperties) = preSolution
		HideSolutionNode = FALSE
	EndGlobalSection
	GlobalSection(ExtensibilityGlobals) = postSolution
		SolutionGuid = {8A33A57E-2DF9-46B0-A772-3C1E81C5C46C}
	EndGlobalSection
EndGlobal
